
Microsoft Visual Studio Solution File, Format Version 12.00
# Visual Studio 15
VisualStudioVersion = 15.0.28307.1705
MinimumVisualStudioVersion = 10.0.40219.1
Project("{FAE04EC0-301F-11D3-BF4B-00C04F79EFBC}") = "CRPG", "CRPG\CRPG.csproj", "{5AD0E60B-A577-4AD9-B191-A4DEA14EA475}"
EndProject
Global
	GlobalSection(SolutionConfigurationPlatforms) = preSolution
		Debug|Any CPU = Debug|Any CPU
		Release|Any CPU = Release|Any CPU
	EndGlobalSection
	GlobalSection(ProjectConfigurationPlatforms) = postSolution
		{5AD0E60B-A577-4AD9-B191-A4DEA14EA475}.Debug|Any CPU.ActiveCfg = Debug|Any CPU
		{5AD0E60B-A577-4AD9-B191-A4DEA14EA475}.Debug|Any CPU.Build.0 = Debug|Any CPU
		{5AD0E60B-A577-4AD9-B191-A4DEA14EA475}.Release|Any CPU.ActiveCfg = Release|Any CPU
		{5AD0E60B-A577-4AD9-B191-A4DEA14EA475}.Release|Any CPU.Build.0 = Release|Any CPU
	EndGlobalSection
	GlobalSection(SolutionProperties) = preSolution
		HideSolutionNode = FALSE
	EndGlobalSection
	GlobalSection(ExtensibilityGlobals) = postSolution
		SolutionGuid = {ADFCDC15-3D1A-4EC7-9250-AB2CD6201A11}
	EndGlobalSection
EndGlobal
